{
  "name": "employee-staff",
  "version": "0.1.0",
  "lockfileVersion": 3,
  "requires": true,
  "packages": {
    "": {
      "name": "employee-staff",
      "version": "0.1.0",
      "dependencies": {},
      "devDependencies": {
        "redux-devtools-extension": "^2.13.9",
        "sass": "^1.69.5"
      }
    }
  }
}
